
Microsoft Visual Studio Solution File, Format Version 12.00
Project("{2150E333-8FDC-42A3-9474-1A3956D46DE8}") = "1. Domain", "1. Domain", "{2D1BA896-96BB-469A-8854-0EA8EA935392}"
EndProject
Project("{2150E333-8FDC-42A3-9474-1A3956D46DE8}") = "2. Application", "2. Application", "{899BEE1E-09A9-4042-BBDC-92BB140874EF}"
EndProject
Project("{2150E333-8FDC-42A3-9474-1A3956D46DE8}") = "3. Persistence", "3. Persistence", "{6E75101E-1EC3-402E-AA15-2EBC3E6CA88A}"
EndProject
Project("{2150E333-8FDC-42A3-9474-1A3956D46DE8}") = "4. Infrastructure", "4. Infrastructure", "{75722BAE-7FD6-46E5-B603-142B6DA0850F}"
EndProject
Project("{2150E333-8FDC-42A3-9474-1A3956D46DE8}") = "5. Presentation", "5. Presentation", "{0866ED39-CEDA-4ADD-83EE-CB9403A7554A}"
EndProject
Project("{FAE04EC0-301F-11D3-BF4B-00C04F79EFBC}") = "Client", "src\Client\Client.csproj", "{27A18A44-C7F1-4B56-87DF-105BE48C1D56}"
EndProject
Project("{FAE04EC0-301F-11D3-BF4B-00C04F79EFBC}") = "Client.Application", "src\Client.Application\Client.Application.csproj", "{9899F32B-5734-4671-81BB-699A72A9DBF8}"
EndProject
Project("{FAE04EC0-301F-11D3-BF4B-00C04F79EFBC}") = "Client.Domain", "src\Client.Domain\Client.Domain.csproj", "{9B45FBC3-56F0-401B-8BB2-4E19408ED142}"
EndProject
Project("{FAE04EC0-301F-11D3-BF4B-00C04F79EFBC}") = "Client.Infrastructure", "src\Client.Infrastructure\Client.Infrastructure.csproj", "{8B5D2DB7-D0F3-4695-BCE3-919762FFB134}"
EndProject
Project("{FAE04EC0-301F-11D3-BF4B-00C04F79EFBC}") = "Server", "src\Server\Server.csproj", "{8DB2F96A-DBCA-461E-926B-E313B7DE72DE}"
EndProject
Project("{FAE04EC0-301F-11D3-BF4B-00C04F79EFBC}") = "Server.Application", "src\Server.Application\Server.Application.csproj", "{E4764B95-1DB4-47FA-9105-EBB1FFFB87E2}"
EndProject
Project("{FAE04EC0-301F-11D3-BF4B-00C04F79EFBC}") = "Server.Domain", "src\Server.Domain\Server.Domain.csproj", "{E7C512AD-612B-439D-B9E5-1786B7BAFFA0}"
EndProject
Project("{FAE04EC0-301F-11D3-BF4B-00C04F79EFBC}") = "Server.Infrastructure", "src\Server.Infrastructure\Server.Infrastructure.csproj", "{B6C6270E-03CB-49DC-BB0F-C152849C0BA8}"
EndProject
Project("{FAE04EC0-301F-11D3-BF4B-00C04F79EFBC}") = "Server.Persistence", "src\Server.Persistence\Server.Persistence.csproj", "{7887574D-8F94-4923-9DD8-F32704F4FFC5}"
EndProject
Project("{FAE04EC0-301F-11D3-BF4B-00C04F79EFBC}") = "Shared.Application", "src\Shared.Application\Shared.Application.csproj", "{B4981A41-553C-4FB1-BB38-840A1A638C22}"
EndProject
Project("{FAE04EC0-301F-11D3-BF4B-00C04F79EFBC}") = "Shared.Domain", "src\Shared.Domain\Shared.Domain.csproj", "{811A33C2-537E-450A-9606-ACE74255D67F}"
EndProject
Global
	GlobalSection(SolutionConfigurationPlatforms) = preSolution
		Debug|Any CPU = Debug|Any CPU
		Release|Any CPU = Release|Any CPU
	EndGlobalSection
	GlobalSection(NestedProjects) = preSolution
		{27A18A44-C7F1-4B56-87DF-105BE48C1D56} = {0866ED39-CEDA-4ADD-83EE-CB9403A7554A}
		{9899F32B-5734-4671-81BB-699A72A9DBF8} = {899BEE1E-09A9-4042-BBDC-92BB140874EF}
		{9B45FBC3-56F0-401B-8BB2-4E19408ED142} = {2D1BA896-96BB-469A-8854-0EA8EA935392}
		{8B5D2DB7-D0F3-4695-BCE3-919762FFB134} = {75722BAE-7FD6-46E5-B603-142B6DA0850F}
		{8DB2F96A-DBCA-461E-926B-E313B7DE72DE} = {0866ED39-CEDA-4ADD-83EE-CB9403A7554A}
		{E4764B95-1DB4-47FA-9105-EBB1FFFB87E2} = {899BEE1E-09A9-4042-BBDC-92BB140874EF}
		{E7C512AD-612B-439D-B9E5-1786B7BAFFA0} = {2D1BA896-96BB-469A-8854-0EA8EA935392}
		{B6C6270E-03CB-49DC-BB0F-C152849C0BA8} = {75722BAE-7FD6-46E5-B603-142B6DA0850F}
		{7887574D-8F94-4923-9DD8-F32704F4FFC5} = {6E75101E-1EC3-402E-AA15-2EBC3E6CA88A}
		{B4981A41-553C-4FB1-BB38-840A1A638C22} = {899BEE1E-09A9-4042-BBDC-92BB140874EF}
		{811A33C2-537E-450A-9606-ACE74255D67F} = {2D1BA896-96BB-469A-8854-0EA8EA935392}
	EndGlobalSection
	GlobalSection(ProjectConfigurationPlatforms) = postSolution
		{27A18A44-C7F1-4B56-87DF-105BE48C1D56}.Debug|Any CPU.ActiveCfg = Debug|Any CPU
		{27A18A44-C7F1-4B56-87DF-105BE48C1D56}.Debug|Any CPU.Build.0 = Debug|Any CPU
		{27A18A44-C7F1-4B56-87DF-105BE48C1D56}.Release|Any CPU.ActiveCfg = Release|Any CPU
		{27A18A44-C7F1-4B56-87DF-105BE48C1D56}.Release|Any CPU.Build.0 = Release|Any CPU
		{9899F32B-5734-4671-81BB-699A72A9DBF8}.Debug|Any CPU.ActiveCfg = Debug|Any CPU
		{9899F32B-5734-4671-81BB-699A72A9DBF8}.Debug|Any CPU.Build.0 = Debug|Any CPU
		{9899F32B-5734-4671-81BB-699A72A9DBF8}.Release|Any CPU.ActiveCfg = Release|Any CPU
		{9899F32B-5734-4671-81BB-699A72A9DBF8}.Release|Any CPU.Build.0 = Release|Any CPU
		{9B45FBC3-56F0-401B-8BB2-4E19408ED142}.Debug|Any CPU.ActiveCfg = Debug|Any CPU
		{9B45FBC3-56F0-401B-8BB2-4E19408ED142}.Debug|Any CPU.Build.0 = Debug|Any CPU
		{9B45FBC3-56F0-401B-8BB2-4E19408ED142}.Release|Any CPU.ActiveCfg = Release|Any CPU
		{9B45FBC3-56F0-401B-8BB2-4E19408ED142}.Release|Any CPU.Build.0 = Release|Any CPU
		{8B5D2DB7-D0F3-4695-BCE3-919762FFB134}.Debug|Any CPU.ActiveCfg = Debug|Any CPU
		{8B5D2DB7-D0F3-4695-BCE3-919762FFB134}.Debug|Any CPU.Build.0 = Debug|Any CPU
		{8B5D2DB7-D0F3-4695-BCE3-919762FFB134}.Release|Any CPU.ActiveCfg = Release|Any CPU
		{8B5D2DB7-D0F3-4695-BCE3-919762FFB134}.Release|Any CPU.Build.0 = Release|Any CPU
		{8DB2F96A-DBCA-461E-926B-E313B7DE72DE}.Debug|Any CPU.ActiveCfg = Debug|Any CPU
		{8DB2F96A-DBCA-461E-926B-E313B7DE72DE}.Debug|Any CPU.Build.0 = Debug|Any CPU
		{8DB2F96A-DBCA-461E-926B-E313B7DE72DE}.Release|Any CPU.ActiveCfg = Release|Any CPU
		{8DB2F96A-DBCA-461E-926B-E313B7DE72DE}.Release|Any CPU.Build.0 = Release|Any CPU
		{E4764B95-1DB4-47FA-9105-EBB1FFFB87E2}.Debug|Any CPU.ActiveCfg = Debug|Any CPU
		{E4764B95-1DB4-47FA-9105-EBB1FFFB87E2}.Debug|Any CPU.Build.0 = Debug|Any CPU
		{E4764B95-1DB4-47FA-9105-EBB1FFFB87E2}.Release|Any CPU.ActiveCfg = Release|Any CPU
		{E4764B95-1DB4-47FA-9105-EBB1FFFB87E2}.Release|Any CPU.Build.0 = Release|Any CPU
		{E7C512AD-612B-439D-B9E5-1786B7BAFFA0}.Debug|Any CPU.ActiveCfg = Debug|Any CPU
		{E7C512AD-612B-439D-B9E5-1786B7BAFFA0}.Debug|Any CPU.Build.0 = Debug|Any CPU
		{E7C512AD-612B-439D-B9E5-1786B7BAFFA0}.Release|Any CPU.ActiveCfg = Release|Any CPU
		{E7C512AD-612B-439D-B9E5-1786B7BAFFA0}.Release|Any CPU.Build.0 = Release|Any CPU
		{B6C6270E-03CB-49DC-BB0F-C152849C0BA8}.Debug|Any CPU.ActiveCfg = Debug|Any CPU
		{B6C6270E-03CB-49DC-BB0F-C152849C0BA8}.Debug|Any CPU.Build.0 = Debug|Any CPU
		{B6C6270E-03CB-49DC-BB0F-C152849C0BA8}.Release|Any CPU.ActiveCfg = Release|Any CPU
		{B6C6270E-03CB-49DC-BB0F-C152849C0BA8}.Release|Any CPU.Build.0 = Release|Any CPU
		{7887574D-8F94-4923-9DD8-F32704F4FFC5}.Debug|Any CPU.ActiveCfg = Debug|Any CPU
		{7887574D-8F94-4923-9DD8-F32704F4FFC5}.Debug|Any CPU.Build.0 = Debug|Any CPU
		{7887574D-8F94-4923-9DD8-F32704F4FFC5}.Release|Any CPU.ActiveCfg = Release|Any CPU
		{7887574D-8F94-4923-9DD8-F32704F4FFC5}.Release|Any CPU.Build.0 = Release|Any CPU
		{B4981A41-553C-4FB1-BB38-840A1A638C22}.Debug|Any CPU.ActiveCfg = Debug|Any CPU
		{B4981A41-553C-4FB1-BB38-840A1A638C22}.Debug|Any CPU.Build.0 = Debug|Any CPU
		{B4981A41-553C-4FB1-BB38-840A1A638C22}.Release|Any CPU.ActiveCfg = Release|Any CPU
		{B4981A41-553C-4FB1-BB38-840A1A638C22}.Release|Any CPU.Build.0 = Release|Any CPU
		{811A33C2-537E-450A-9606-ACE74255D67F}.Debug|Any CPU.ActiveCfg = Debug|Any CPU
		{811A33C2-537E-450A-9606-ACE74255D67F}.Debug|Any CPU.Build.0 = Debug|Any CPU
		{811A33C2-537E-450A-9606-ACE74255D67F}.Release|Any CPU.ActiveCfg = Release|Any CPU
		{811A33C2-537E-450A-9606-ACE74255D67F}.Release|Any CPU.Build.0 = Release|Any CPU
	EndGlobalSection
EndGlobal
